{
  "name": "gentype-198",
  "version": "1.0.0",
  "lockfileVersion": 1,
  "requires": true,
  "dependencies": {
    "bs-platform": {
      "version": "5.0.4",
      "resolved": "https://registry.npmjs.org/bs-platform/-/bs-platform-5.0.4.tgz",
      "integrity": "sha512-rXM+ztN8wYXQ4ojfFGylvPOf8GRLOvM94QJsMMV9VpsLChKCjesWMNybTZvpoyNsESu2nC5q+C9soG+BPhuUFQ==",
      "dev": true
    },
    "gentype": {
      "version": "2.26.0",
      "resolved": "https://registry.npmjs.org/gentype/-/gentype-2.26.0.tgz",
      "integrity": "sha512-Cd3KkSsuenzOud3c8Fq7ADNbvGFWWVbg2vopd2WSMr7of3BZJFWWzbc8ZX47KJsUZXERdqRDRs1WGjaeqSwLZw==",
      "dev": true
    },
    "typescript": {
      "version": "3.5.1",
      "resolved": "https://registry.npmjs.org/typescript/-/typescript-3.5.1.tgz",
      "integrity": "sha512-64HkdiRv1yYZsSe4xC1WVgamNigVYjlssIoaH2HcZF0+ijsk5YK2g0G34w9wJkze8+5ow4STd22AynfO6ZYYLw==",
      "dev": true
    }
  }
}
